// !$*UTF8*$!
{
	archiveVersion = 1;
	classes = {
	};
	objectVersion = 46;
	objects = {

/* Begin PBXBuildFile section */
		A5717EF51D40B5E700A6FB10 /* main.m in Sources */ = {isa = PBXBuildFile; fileRef = A5717EF41D40B5E700A6FB10 /* main.m */; };
		A5717EF81D40B5E700A6FB10 /* AppDelegate.m in Sources */ = {isa = PBXBuildFile; fileRef = A5717EF71D40B5E700A6FB10 /* AppDelegate.m */; };
		A5717EFB1D40B5E700A6FB10 /* ViewController.m in Sources */ = {isa = PBXBuildFile; fileRef = A5717EFA1D40B5E700A6FB10 /* ViewController.m */; };
		A5717EFE1D40B5E700A6FB10 /* Main.storyboard in Resources */ = {isa = PBXBuildFile; fileRef = A5717EFC1D40B5E700A6FB10 /* Main.storyboard */; };
		A5717F001D40B5E700A6FB10 /* Assets.xcassets in Resources */ = {isa = PBXBuildFile; fileRef = A5717EFF1D40B5E700A6FB10 /* Assets.xcassets */; };
		A5717F031D40B5E700A6FB10 /* LaunchScreen.storyboard in Resources */ = {isa = PBXBuildFile; fileRef = A5717F011D40B5E700A6FB10 /* LaunchScreen.storyboard */; };
		A5717F0E1D40B5E700A6FB10 /* SCTabViewTests.m in Sources */ = {isa = PBXBuildFile; fileRef = A5717F0D1D40B5E700A6FB10 /* SCTabViewTests.m */; };
		A5717F191D40B5E700A6FB10 /* SCTabViewUITests.m in Sources */ = {isa = PBXBuildFile; fileRef = A5717F181D40B5E700A6FB10 /* SCTabViewUITests.m */; };
		A5717F281D40B60700A6FB10 /* SCTabView.m in Sources */ = {isa = PBXBuildFile; fileRef = A5717F271D40B60700A6FB10 /* SCTabView.m */; };
/* End PBXBuildFile section */

/* Begin PBXContainerItemProxy section */
		A5717F0A1D40B5E700A6FB10 /* PBXContainerItemProxy */ = {
			isa = PBXContainerItemProxy;
			containerPortal = A5717EE81D40B5E700A6FB10 /* Project object */;
			proxyType = 1;
			remoteGlobalIDString = A5717EEF1D40B5E700A6FB10;
			remoteInfo = SCTabView;
		};
		A5717F151D40B5E700A6FB10 /* PBXContainerItemProxy */ = {
			isa = PBXContainerItemProxy;
			containerPortal = A5717EE81D40B5E700A6FB10 /* Project object */;
			proxyType = 1;
			remoteGlobalIDString = A5717EEF1D40B5E700A6FB10;
			remoteInfo = SCTabView;
		};
/* End PBXContainerItemProxy section */

/* Begin PBXFileReference section */
		A5717EF01D40B5E700A6FB10 /* SCTabView.app */ = {isa = PBXFileReference; explicitFileType = wrapper.application; includeInIndex = 0; path = SCTabView.app; sourceTree = BUILT_PRODUCTS_DIR; };
		A5717EF41D40B5E700A6FB10 /* main.m */ = {isa = PBXFileReference; lastKnownFileType = sourcecode.c.objc; path = main.m; sourceTree = "<group>"; };
		A5717EF61D40B5E700A6FB10 /* AppDelegate.h */ = {isa = PBXFileReference; lastKnownFileType = sourcecode.c.h; path = AppDelegate.h; sourceTree = "<group>"; };
		A5717EF71D40B5E700A6FB10 /* AppDelegate.m */ = {isa = PBXFileReference; lastKnownFileType = sourcecode.c.objc; path = AppDelegate.m; sourceTree = "<group>"; };
		A5717EF91D40B5E700A6FB10 /* ViewController.h */ = {isa = PBXFileReference; lastKnownFileType = sourcecode.c.h; path = ViewController.h; sourceTree = "<group>"; };
		A5717EFA1D40B5E700A6FB10 /* ViewController.m */ = {isa = PBXFileReference; lastKnownFileType = sourcecode.c.objc; path = ViewController.m; sourceTree = "<group>"; };
		A5717EFD1D40B5E700A6FB10 /* Base */ = {isa = PBXFileReference; lastKnownFileType = file.storyboard; name = Base; path = Base.lproj/Main.storyboard; sourceTree = "<group>"; };
		A5717EFF1D40B5E700A6FB10 /* Assets.xcassets */ = {isa = PBXFileReference; lastKnownFileType = folder.assetcatalog; path = Assets.xcassets; sourceTree = "<group>"; };
		A5717F021D40B5E700A6FB10 /* Base */ = {isa = PBXFileReference; lastKnownFileType = file.storyboard; name = Base; path = Base.lproj/LaunchScreen.storyboard; sourceTree = "<group>"; };
		A5717F041D40B5E700A6FB10 /* Info.plist */ = {isa = PBXFileReference; lastKnownFileType = text.plist.xml; path = Info.plist; sourceTree = "<group>"; };
		A5717F091D40B5E700A6FB10 /* SCTabViewTests.xctest */ = {isa = PBXFileReference; explicitFileType = wrapper.cfbundle; includeInIndex = 0; path = SCTabViewTests.xctest; sourceTree = BUILT_PRODUCTS_DIR; };
		A5717F0D1D40B5E700A6FB10 /* SCTabViewTests.m */ = {isa = PBXFileReference; lastKnownFileType = sourcecode.c.objc; path = SCTabViewTests.m; sourceTree = "<group>"; };
		A5717F0F1D40B5E700A6FB10 /* Info.plist */ = {isa = PBXFileReference; lastKnownFileType = text.plist.xml; path = Info.plist; sourceTree = "<group>"; };
		A5717F141D40B5E700A6FB10 /* SCTabViewUITests.xctest */ = {isa = PBXFileReference; explicitFileType = wrapper.cfbundle; includeInIndex = 0; path = SCTabViewUITests.xctest; sourceTree = BUILT_PRODUCTS_DIR; };
		A5717F181D40B5E700A6FB10 /* SCTabViewUITests.m */ = {isa = PBXFileReference; lastKnownFileType = sourcecode.c.objc; path = SCTabViewUITests.m; sourceTree = "<group>"; };
		A5717F1A1D40B5E700A6FB10 /* Info.plist */ = {isa = PBXFileReference; lastKnownFileType = text.plist.xml; path = Info.plist; sourceTree = "<group>"; };
		A5717F261D40B60700A6FB10 /* SCTabView.h */ = {isa = PBXFileReference; fileEncoding = 4; lastKnownFileType = sourcecode.c.h; path = SCTabView.h; sourceTree = "<group>"; };
		A5717F271D40B60700A6FB10 /* SCTabView.m */ = {isa = PBXFileReference; fileEncoding = 4; lastKnownFileType = sourcecode.c.objc; path = SCTabView.m; sourceTree = "<group>"; };
/* End PBXFileReference section */

/* Begin PBXFrameworksBuildPhase section */
		A5717EED1D40B5E700A6FB10 /* Frameworks */ = {
			isa = PBXFrameworksBuildPhase;
			buildActionMask = 2147483647;
			files = (
			);
			runOnlyForDeploymentPostprocessing = 0;
		};
		A5717F061D40B5E700A6FB10 /* Frameworks */ = {
			isa = PBXFrameworksBuildPhase;
			buildActionMask = 2147483647;
			files = (
			);
			runOnlyForDeploymentPostprocessing = 0;
		};
		A5717F111D40B5E700A6FB10 /* Frameworks */ = {
			isa = PBXFrameworksBuildPhase;
			buildActionMask = 2147483647;
			files = (
			);
			runOnlyForDeploymentPostprocessing = 0;
		};
/* End PBXFrameworksBuildPhase section */

/* Begin PBXGroup section */
		A5717EE71D40B5E700A6FB10 = {
			isa = PBXGroup;
			children = (
				A5717EF21D40B5E700A6FB10 /* SCTabView */,
				A5717F0C1D40B5E700A6FB10 /* SCTabViewTests */,
				A5717F171D40B5E700A6FB10 /* SCTabViewUITests */,
				A5717EF11D40B5E700A6FB10 /* Products */,
			);
			sourceTree = "<group>";
		};
		A5717EF11D40B5E700A6FB10 /* Products */ = {
			isa = PBXGroup;
			children = (
				A5717EF01D40B5E700A6FB10 /* SCTabView.app */,
				A5717F091D40B5E700A6FB10 /* SCTabViewTests.xctest */,
				A5717F141D40B5E700A6FB10 /* SCTabViewUITests.xctest */,
			);
			name = Products;
			sourceTree = "<group>";
		};
		A5717EF21D40B5E700A6FB10 /* SCTabView */ = {
			isa = PBXGroup;
			children = (
				A5717EF61D40B5E700A6FB10 /* AppDelegate.h */,
				A5717EF71D40B5E700A6FB10 /* AppDelegate.m */,
				A5717EF91D40B5E700A6FB10 /* ViewController.h */,
				A5717EFA1D40B5E700A6FB10 /* ViewController.m */,
				A5717F261D40B60700A6FB10 /* SCTabView.h */,
				A5717F271D40B60700A6FB10 /* SCTabView.m */,
				A5717EFC1D40B5E700A6FB10 /* Main.storyboard */,
				A5717EFF1D40B5E700A6FB10 /* Assets.xcassets */,
				A5717F011D40B5E700A6FB10 /* LaunchScreen.storyboard */,
				A5717F041D40B5E700A6FB10 /* Info.plist */,
				A5717EF31D40B5E700A6FB10 /* Supporting Files */,
			);
			path = SCTabView;
			sourceTree = "<group>";
		};
		A5717EF31D40B5E700A6FB10 /* Supporting Files */ = {
			isa = PBXGroup;
			children = (
				A5717EF41D40B5E700A6FB10 /* main.m */,
			);
			name = "Supporting Files";
			sourceTree = "<group>";
		};
		A5717F0C1D40B5E700A6FB10 /* SCTabViewTests */ = {
			isa = PBXGroup;
			children = (
				A5717F0D1D40B5E700A6FB10 /* SCTabViewTests.m */,
				A5717F0F1D40B5E700A6FB10 /* Info.plist */,
			);
			path = SCTabViewTests;
			sourceTree = "<group>";
		};
		A5717F171D40B5E700A6FB10 /* SCTabViewUITests */ = {
			isa = PBXGroup;
			children = (
				A5717F181D40B5E700A6FB10 /* SCTabViewUITests.m */,
				A5717F1A1D40B5E700A6FB10 /* Info.plist */,
			);
			path = SCTabViewUITests;
			sourceTree = "<group>";
		};
/* End PBXGroup section */

/* Begin PBXNativeTarget section */
		A5717EEF1D40B5E700A6FB10 /* SCTabView */ = {
			isa = PBXNativeTarget;
			buildConfigurationList = A5717F1D1D40B5E700A6FB10 /* Build configuration list for PBXNativeTarget "SCTabView" */;
			buildPhases = (
				A5717EEC1D40B5E700A6FB10 /* Sources */,
				A5717EED1D40B5E700A6FB10 /* Frameworks */,
				A5717EEE1D40B5E700A6FB10 /* Resources */,
			);
			buildRules = (
			);
			dependencies = (
			);
			name = SCTabView;
			productName = SCTabView;
			productReference = A5717EF01D40B5E700A6FB10 /* SCTabView.app */;
			productType = "com.apple.product-type.application";
		};
		A5717F081D40B5E700A6FB10 /* SCTabViewTests */ = {
			isa = PBXNativeTarget;
			buildConfigurationList = A5717F201D40B5E700A6FB10 /* Build configuration list for PBXNativeTarget "SCTabViewTests" */;
			buildPhases = (
				A5717F051D40B5E700A6FB10 /* Sources */,
				A5717F061D40B5E700A6FB10 /* Frameworks */,
				A5717F071D40B5E700A6FB10 /* Resources */,
			);
			buildRules = (
			);
			dependencies = (
				A5717F0B1D40B5E700A6FB10 /* PBXTargetDependency */,
			);
			name = SCTabViewTests;
			productName = SCTabViewTests;
			productReference = A5717F091D40B5E700A6FB10 /* SCTabViewTests.xctest */;
			productType = "com.apple.product-type.bundle.unit-test";
		};
		A5717F131D40B5E700A6FB10 /* SCTabViewUITests */ = {
			isa = PBXNativeTarget;
			buildConfigurationList = A5717F231D40B5E700A6FB10 /* Build configuration list for PBXNativeTarget "SCTabViewUITests" */;
			buildPhases = (
				A5717F101D40B5E700A6FB10 /* Sources */,
				A5717F111D40B5E700A6FB10 /* Frameworks */,
				A5717F121D40B5E700A6FB10 /* Resources */,
			);
			buildRules = (
			);
			dependencies = (
				A5717F161D40B5E700A6FB10 /* PBXTargetDependency */,
			);
			name = SCTabViewUITests;
			productName = SCTabViewUITests;
			productReference = A5717F141D40B5E700A6FB10 /* SCTabViewUITests.xctest */;
			productType = "com.apple.product-type.bundle.ui-testing";
		};
/* End PBXNativeTarget section */

/* Begin PBXProject section */
		A5717EE81D40B5E700A6FB10 /* Project object */ = {
			isa = PBXProject;
			attributes = {
				LastUpgradeCheck = 0730;
				ORGANIZATIONNAME = Sunc;
				TargetAttributes = {
					A5717EEF1D40B5E700A6FB10 = {
						CreatedOnToolsVersion = 7.3;
					};
					A5717F081D40B5E700A6FB10 = {
						CreatedOnToolsVersion = 7.3;
						TestTargetID = A5717EEF1D40B5E700A6FB10;
					};
					A5717F131D40B5E700A6FB10 = {
						CreatedOnToolsVersion = 7.3;
						TestTargetID = A5717EEF1D40B5E700A6FB10;
					};
				};
			};
			buildConfigurationList = A5717EEB1D40B5E700A6FB10 /* Build configuration list for PBXProject "SCTabView" */;
			compatibilityVersion = "Xcode 3.2";
			developmentRegion = English;
			hasScannedForEncodings = 0;
			knownRegions = (
				en,
				Base,
			);
			mainGroup = A5717EE71D40B5E700A6FB10;
			productRefGroup = A5717EF11D40B5E700A6FB10 /* Products */;
			projectDirPath = "";
			projectRoot = "";
			targets = (
				A5717EEF1D40B5E700A6FB10 /* SCTabView */,
				A5717F081D40B5E700A6FB10 /* SCTabViewTests */,
				A5717F131D40B5E700A6FB10 /* SCTabViewUITests */,
			);
		};
/* End PBXProject section */

/* Begin PBXResourcesBuildPhase section */
		A5717EEE1D40B5E700A6FB10 /* Resources */ = {
			isa = PBXResourcesBuildPhase;
			buildActionMask = 2147483647;
			files = (
				A5717F031D40B5E700A6FB10 /* LaunchScreen.storyboard in Resources */,
				A5717F001D40B5E700A6FB10 /* Assets.xcassets in Resources */,
				A5717EFE1D40B5E700A6FB10 /* Main.storyboard in Resources */,
			);
			runOnlyForDeploymentPostprocessing = 0;
		};
		A5717F071D40B5E700A6FB10 /* Resources */ = {
			isa = PBXResourcesBuildPhase;
			buildActionMask = 2147483647;
			files = (
			);
			runOnlyForDeploymentPostprocessing = 0;
		};
		A5717F121D40B5E700A6FB10 /* Resources */ = {
			isa = PBXResourcesBuildPhase;
			buildActionMask = 2147483647;
			files = (
			);
			runOnlyForDeploymentPostprocessing = 0;
		};
/* End PBXResourcesBuildPhase section */

/* Begin PBXSourcesBuildPhase section */
		A5717EEC1D40B5E700A6FB10 /* Sources */ = {
			isa = PBXSourcesBuildPhase;
			buildActionMask = 2147483647;
			files = (
				A5717EFB1D40B5E700A6FB10 /* ViewController.m in Sources */,
				A5717EF81D40B5E700A6FB10 /* AppDelegate.m in Sources */,
				A5717F281D40B60700A6FB10 /* SCTabView.m in Sources */,
				A5717EF51D40B5E700A6FB10 /* main.m in Sources */,
			);
			runOnlyForDeploymentPostprocessing = 0;
		};
		A5717F051D40B5E700A6FB10 /* Sources */ = {
			isa = PBXSourcesBuildPhase;
			buildActionMask = 2147483647;
			files = (
				A5717F0E1D40B5E700A6FB10 /* SCTabViewTests.m in Sources */,
			);
			runOnlyForDeploymentPostprocessing = 0;
		};
		A5717F101D40B5E700A6FB10 /* Sources */ = {
			isa = PBXSourcesBuildPhase;
			buildActionMask = 2147483647;
			files = (
				A5717F191D40B5E700A6FB10 /* SCTabViewUITests.m in Sources */,
			);
			runOnlyForDeploymentPostprocessing = 0;
		};
/* End PBXSourcesBuildPhase section */

/* Begin PBXTargetDependency section */
		A5717F0B1D40B5E700A6FB10 /* PBXTargetDependency */ = {
			isa = PBXTargetDependency;
			target = A5717EEF1D40B5E700A6FB10 /* SCTabView */;
			targetProxy = A5717F0A1D40B5E700A6FB10 /* PBXContainerItemProxy */;
		};
		A5717F161D40B5E700A6FB10 /* PBXTargetDependency */ = {
			isa = PBXTargetDependency;
			target = A5717EEF1D40B5E700A6FB10 /* SCTabView */;
			targetProxy = A5717F151D40B5E700A6FB10 /* PBXContainerItemProxy */;
		};
/* End PBXTargetDependency section */

/* Begin PBXVariantGroup section */
		A5717EFC1D40B5E700A6FB10 /* Main.storyboard */ = {
			isa = PBXVariantGroup;
			children = (
				A5717EFD1D40B5E700A6FB10 /* Base */,
			);
			name = Main.storyboard;
			sourceTree = "<group>";
		};
		A5717F011D40B5E700A6FB10 /* LaunchScreen.storyboard */ = {
			isa = PBXVariantGroup;
			children = (
				A5717F021D40B5E700A6FB10 /* Base */,
			);
			name = LaunchScreen.storyboard;
			sourceTree = "<group>";
		};
/* End PBXVariantGroup section */

/* Begin XCBuildConfiguration section */
		A5717F1B1D40B5E700A6FB10 /* Debug */ = {
			isa = XCBuildConfiguration;
			buildSettings = {
				ALWAYS_SEARCH_USER_PATHS = NO;
				CLANG_ANALYZER_NONNULL = YES;
				CLANG_CXX_LANGUAGE_STANDARD = "gnu++0x";
				CLANG_CXX_LIBRARY = "libc++";
				CLANG_ENABLE_MODULES = YES;
				CLANG_ENABLE_OBJC_ARC = YES;
				CLANG_WARN_BOOL_CONVERSION = YES;
				CLANG_WARN_CONSTANT_CONVERSION = YES;
				CLANG_WARN_DIRECT_OBJC_ISA_USAGE = YES_ERROR;
				CLANG_WARN_EMPTY_BODY = YES;
				CLANG_WARN_ENUM_CONVERSION = YES;
				CLANG_WARN_INT_CONVERSION = YES;
				CLANG_WARN_OBJC_ROOT_CLASS = YES_ERROR;
				CLANG_WARN_UNREACHABLE_CODE = YES;
				CLANG_WARN__DUPLICATE_METHOD_MATCH = YES;
				"CODE_SIGN_IDENTITY[sdk=iphoneos*]" = "iPhone Developer";
				COPY_PHASE_STRIP = NO;
				DEBUG_INFORMATION_FORMAT = dwarf;
				ENABLE_STRICT_OBJC_MSGSEND = YES;
				ENABLE_TESTABILITY = YES;
				GCC_C_LANGUAGE_STANDARD = gnu99;
				GCC_DYNAMIC_NO_PIC = NO;
				GCC_NO_COMMON_BLOCKS = YES;
				GCC_OPTIMIZATION_LEVEL = 0;
				GCC_PREPROCESSOR_DEFINITIONS = (
					"DEBUG=1",
					"$(inherited)",
				);
				GCC_WARN_64_TO_32_BIT_CONVERSION = YES;
				GCC_WARN_ABOUT_RETURN_TYPE = YES_ERROR;
				GCC_WARN_UNDECLARED_SELECTOR = YES;
				GCC_WARN_UNINITIALIZED_AUTOS = YES_AGGRESSIVE;
				GCC_WARN_UNUSED_FUNCTION = YES;
				GCC_WARN_UNUSED_VARIABLE = YES;
				IPHONEOS_DEPLOYMENT_TARGET = 9.3;
				MTL_ENABLE_DEBUG_INFO = YES;
				ONLY_ACTIVE_ARCH = YES;
				SDKROOT = iphoneos;
				TARGETED_DEVICE_FAMILY = "1,2";
			};
			name = Debug;
		};
		A5717F1C1D40B5E700A6FB10 /* Release */ = {
			isa = XCBuildConfiguration;
			buildSettings = {
				ALWAYS_SEARCH_USER_PATHS = NO;
				CLANG_ANALYZER_NONNULL = YES;
				CLANG_CXX_LANGUAGE_STANDARD = "gnu++0x";
				CLANG_CXX_LIBRARY = "libc++";
				CLANG_ENABLE_MODULES = YES;
				CLANG_ENABLE_OBJC_ARC = YES;
				CLANG_WARN_BOOL_CONVERSION = YES;
				CLANG_WARN_CONSTANT_CONVERSION = YES;
				CLANG_WARN_DIRECT_OBJC_ISA_USAGE = YES_ERROR;
				CLANG_WARN_EMPTY_BODY = YES;
				CLANG_WARN_ENUM_CONVERSION = YES;
				CLANG_WARN_INT_CONVERSION = YES;
				CLANG_WARN_OBJC_ROOT_CLASS = YES_ERROR;
				CLANG_WARN_UNREACHABLE_CODE = YES;
				CLANG_WARN__DUPLICATE_METHOD_MATCH = YES;
				"CODE_SIGN_IDENTITY[sdk=iphoneos*]" = "iPhone Developer";
				COPY_PHASE_STRIP = NO;
				DEBUG_INFORMATION_FORMAT = "dwarf-with-dsym";
				ENABLE_NS_ASSERTIONS = NO;
				ENABLE_STRICT_OBJC_MSGSEND = YES;
				GCC_C_LANGUAGE_STANDARD = gnu99;
				GCC_NO_COMMON_BLOCKS = YES;
				GCC_WARN_64_TO_32_BIT_CONVERSION = YES;
				GCC_WARN_ABOUT_RETURN_TYPE = YES_ERROR;
				GCC_WARN_UNDECLARED_SELECTOR = YES;
				GCC_WARN_UNINITIALIZED_AUTOS = YES_AGGRESSIVE;
				GCC_WARN_UNUSED_FUNCTION = YES;
				GCC_WARN_UNUSED_VARIABLE = YES;
				IPHONEOS_DEPLOYMENT_TARGET = 9.3;
				MTL_ENABLE_DEBUG_INFO = NO;
				SDKROOT = iphoneos;
				TARGETED_DEVICE_FAMILY = "1,2";
				VALIDATE_PRODUCT = YES;
			};
			name = Release;
		};
		A5717F1E1D40B5E700A6FB10 /* Debug */ = {
			isa = XCBuildConfiguration;
			buildSettings = {
				ASSETCATALOG_COMPILER_APPICON_NAME = AppIcon;
				INFOPLIST_FILE = SCTabView/Info.plist;
				IPHONEOS_DEPLOYMENT_TARGET = 6.0;
				LD_RUNPATH_SEARCH_PATHS = "$(inherited) @executable_path/Frameworks";
				PRODUCT_BUNDLE_IDENTIFIER = OVT.SCTabView;
				PRODUCT_NAME = "$(TARGET_NAME)";
			};
			name = Debug;
		};
		A5717F1F1D40B5E700A6FB10 /* Release */ = {
			isa = XCBuildConfiguration;
			buildSettings = {
				ASSETCATALOG_COMPILER_APPICON_NAME = AppIcon;
				INFOPLIST_FILE = SCTabView/Info.plist;
				IPHONEOS_DEPLOYMENT_TARGET = 6.0;
				LD_RUNPATH_SEARCH_PATHS = "$(inherited) @executable_path/Frameworks";
				PRODUCT_BUNDLE_IDENTIFIER = OVT.SCTabView;
				PRODUCT_NAME = "$(TARGET_NAME)";
			};
			name = Release;
		};
		A5717F211D40B5E700A6FB10 /* Debug */ = {
			isa = XCBuildConfiguration;
			buildSettings = {
				BUNDLE_LOADER = "$(TEST_HOST)";
				INFOPLIST_FILE = SCTabViewTests/Info.plist;
				LD_RUNPATH_SEARCH_PATHS = "$(inherited) @executable_path/Frameworks @loader_path/Frameworks";
				PRODUCT_BUNDLE_IDENTIFIER = OVT.SCTabViewTests;
				PRODUCT_NAME = "$(TARGET_NAME)";
				TEST_HOST = "$(BUILT_PRODUCTS_DIR)/SCTabView.app/SCTabView";
			};
			name = Debug;
		};
		A5717F221D40B5E700A6FB10 /* Release */ = {
			isa = XCBuildConfiguration;
			buildSettings = {
				BUNDLE_LOADER = "$(TEST_HOST)";
				INFOPLIST_FILE = SCTabViewTests/Info.plist;
				LD_RUNPATH_SEARCH_PATHS = "$(inherited) @executable_path/Frameworks @loader_path/Frameworks";
				PRODUCT_BUNDLE_IDENTIFIER = OVT.SCTabViewTests;
				PRODUCT_NAME = "$(TARGET_NAME)";
				TEST_HOST = "$(BUILT_PRODUCTS_DIR)/SCTabView.app/SCTabView";
			};
			name = Release;
		};
		A5717F241D40B5E700A6FB10 /* Debug */ = {
			isa = XCBuildConfiguration;
			buildSettings = {
				INFOPLIST_FILE = SCTabViewUITests/Info.plist;
				LD_RUNPATH_SEARCH_PATHS = "$(inherited) @executable_path/Frameworks @loader_path/Frameworks";
				PRODUCT_BUNDLE_IDENTIFIER = OVT.SCTabViewUITests;
				PRODUCT_NAME = "$(TARGET_NAME)";
				TEST_TARGET_NAME = SCTabView;
			};
			name = Debug;
		};
		A5717F251D40B5E700A6FB10 /* Release */ = {
			isa = XCBuildConfiguration;
			buildSettings = {
				INFOPLIST_FILE = SCTabViewUITests/Info.plist;
				LD_RUNPATH_SEARCH_PATHS = "$(inherited) @executable_path/Frameworks @loader_path/Frameworks";
				PRODUCT_BUNDLE_IDENTIFIER = OVT.SCTabViewUITests;
				PRODUCT_NAME = "$(TARGET_NAME)";
				TEST_TARGET_NAME = SCTabView;
			};
			name = Release;
		};
/* End XCBuildConfiguration section */

/* Begin XCConfigurationList section */
		A5717EEB1D40B5E700A6FB10 /* Build configuration list for PBXProject "SCTabView" */ = {
			isa = XCConfigurationList;
			buildConfigurations = (
				A5717F1B1D40B5E700A6FB10 /* Debug */,
				A5717F1C1D40B5E700A6FB10 /* Release */,
			);
			defaultConfigurationIsVisible = 0;
			defaultConfigurationName = Release;
		};
		A5717F1D1D40B5E700A6FB10 /* Build configuration list for PBXNativeTarget "SCTabView" */ = {
			isa = XCConfigurationList;
			buildConfigurations = (
				A5717F1E1D40B5E700A6FB10 /* Debug */,
				A5717F1F1D40B5E700A6FB10 /* Release */,
			);
			defaultConfigurationIsVisible = 0;
		};
		A5717F201D40B5E700A6FB10 /* Build configuration list for PBXNativeTarget "SCTabViewTests" */ = {
			isa = XCConfigurationList;
			buildConfigurations = (
				A5717F211D40B5E700A6FB10 /* Debug */,
				A5717F221D40B5E700A6FB10 /* Release */,
			);
			defaultConfigurationIsVisible = 0;
		};
		A5717F231D40B5E700A6FB10 /* Build configuration list for PBXNativeTarget "SCTabViewUITests" */ = {
			isa = XCConfigurationList;
			buildConfigurations = (
				A5717F241D40B5E700A6FB10 /* Debug */,
				A5717F251D40B5E700A6FB10 /* Release */,
			);
			defaultConfigurationIsVisible = 0;
		};
/* End XCConfigurationList section */
	};
	rootObject = A5717EE81D40B5E700A6FB10 /* Project object */;
}
